
Microsoft Visual Studio Solution File, Format Version 12.00
# Visual Studio Version 17
VisualStudioVersion = 17.2.32505.173
MinimumVisualStudioVersion = 10.0.40219.1
Project("{FAE04EC0-301F-11D3-BF4B-00C04F79EFBC}") = "Dewimed_Beta", "Dewimed_Beta\Dewimed_Beta.csproj", "{C4B49E76-4208-4EEA-BB16-8582D781DF82}"
EndProject
Global
	GlobalSection(SolutionConfigurationPlatforms) = preSolution
		Debug|Any CPU = Debug|Any CPU
		Release|Any CPU = Release|Any CPU
	EndGlobalSection
	GlobalSection(ProjectConfigurationPlatforms) = postSolution
		{C4B49E76-4208-4EEA-BB16-8582D781DF82}.Debug|Any CPU.ActiveCfg = Debug|Any CPU
		{C4B49E76-4208-4EEA-BB16-8582D781DF82}.Debug|Any CPU.Build.0 = Debug|Any CPU
		{C4B49E76-4208-4EEA-BB16-8582D781DF82}.Release|Any CPU.ActiveCfg = Release|Any CPU
		{C4B49E76-4208-4EEA-BB16-8582D781DF82}.Release|Any CPU.Build.0 = Release|Any CPU
	EndGlobalSection
	GlobalSection(SolutionProperties) = preSolution
		HideSolutionNode = FALSE
	EndGlobalSection
	GlobalSection(ExtensibilityGlobals) = postSolution
		SolutionGuid = {3F4E31E1-4FBB-4225-9D30-FEE98CD9FBCE}
	EndGlobalSection
EndGlobal
